// !$*UTF8*$!
{
	archiveVersion = 1;
	classes = {
	};
	objectVersion = 55;
	objects = {

/* Begin PBXBuildFile section */
		808586FBF6E5D187ABC5C417 /* Pods_MiProjectoModular.framework in Frameworks */ = {isa = PBXBuildFile; fileRef = C57BB349F5DE961021467154 /* Pods_MiProjectoModular.framework */; };
		B54AFD5B0FD55087383DFC63 /* Pods_MiProjectoModular_MiProjectoModularUITests.framework in Frameworks */ = {isa = PBXBuildFile; fileRef = F1E79829CAEC82F0D8E0619C /* Pods_MiProjectoModular_MiProjectoModularUITests.framework */; };
		B8FACA85942C6E196FD15C84 /* Pods_MiProjectoModularTests.framework in Frameworks */ = {isa = PBXBuildFile; fileRef = DB2DEA42953A4EDF66E6A959 /* Pods_MiProjectoModularTests.framework */; };
		D0027B37274804F200971E82 /* Network.framework in Frameworks */ = {isa = PBXBuildFile; fileRef = D0027B36274804F200971E82 /* Network.framework */; };
		D0027B392748301C00971E82 /* AudioDelegate.swift in Sources */ = {isa = PBXBuildFile; fileRef = D0027B382748301C00971E82 /* AudioDelegate.swift */; };
		D0039CB02755182600F764A8 /* PlayListDetailViewController.swift in Sources */ = {isa = PBXBuildFile; fileRef = D0039CAF2755182600F764A8 /* PlayListDetailViewController.swift */; };
		D00CDD6A273D78E100C24A8C /* UIImage+animatedGIF.m in Sources */ = {isa = PBXBuildFile; fileRef = D00CDD69273D78E100C24A8C /* UIImage+animatedGIF.m */; };
		D00CDD6C273D7B2000C24A8C /* stegosaurus-studio.gif in Resources */ = {isa = PBXBuildFile; fileRef = D00CDD6B273D7B2000C24A8C /* stegosaurus-studio.gif */; };
		D00CDD6E273DB68300C24A8C /* ConstraintsSetter.swift in Sources */ = {isa = PBXBuildFile; fileRef = D00CDD6D273DB68300C24A8C /* ConstraintsSetter.swift */; };
		D010F14F2729AF5E00D2AB03 /* RegisterViewController.swift in Sources */ = {isa = PBXBuildFile; fileRef = D010F14E2729AF5E00D2AB03 /* RegisterViewController.swift */; };
		D0193C4727398B61005A4B80 /* TabViewController.swift in Sources */ = {isa = PBXBuildFile; fileRef = D0193C4627398B61005A4B80 /* TabViewController.swift */; };
		D0891AFA272B3A790085F8D5 /* StringValidator.swift in Sources */ = {isa = PBXBuildFile; fileRef = D0891AF9272B3A790085F8D5 /* StringValidator.swift */; };
		D0891AFC272B3C2E0085F8D5 /* RegisterViewModel.swift in Sources */ = {isa = PBXBuildFile; fileRef = D0891AFB272B3C2E0085F8D5 /* RegisterViewModel.swift */; };
		D095128427669368005A5261 /* UIViewError.swift in Sources */ = {isa = PBXBuildFile; fileRef = D095128327669368005A5261 /* UIViewError.swift */; };
		D0951286276698BD005A5261 /* LoginDelegate.swift in Sources */ = {isa = PBXBuildFile; fileRef = D0951285276698BD005A5261 /* LoginDelegate.swift */; };
		D0976D04275E6F9400E59D3A /* Extensions.swift in Sources */ = {isa = PBXBuildFile; fileRef = D0976D03275E6F9400E59D3A /* Extensions.swift */; };
		D0976D07275E8E5700E59D3A /* MenuTrackerDelegate.swift in Sources */ = {isa = PBXBuildFile; fileRef = D0976D06275E8E5700E59D3A /* MenuTrackerDelegate.swift */; };
		D0A35CCE272C213200F88788 /* WelcomeViewController.swift in Sources */ = {isa = PBXBuildFile; fileRef = D0A35CCD272C213200F88788 /* WelcomeViewController.swift */; };
		D0A35CD0272C31C200F88788 /* Models.swift in Sources */ = {isa = PBXBuildFile; fileRef = D0A35CCF272C31C200F88788 /* Models.swift */; };
		D0A7D84D273443BD00980BFF /* ButtonOnCellDelegate.swift in Sources */ = {isa = PBXBuildFile; fileRef = D0A7D84C273443BD00980BFF /* ButtonOnCellDelegate.swift */; };
		D0A7D84F2734446D00980BFF /* TrackTableViewCell.swift in Sources */ = {isa = PBXBuildFile; fileRef = D0A7D84E2734446D00980BFF /* TrackTableViewCell.swift */; };
		D0B7A4BE274FF0800016589B /* UIButton+Extension.swift in Sources */ = {isa = PBXBuildFile; fileRef = D0B7A4BD274FF0800016589B /* UIButton+Extension.swift */; };
		D0B7A4C0274FF09A0016589B /* UILabel+Extension.swift in Sources */ = {isa = PBXBuildFile; fileRef = D0B7A4BF274FF09A0016589B /* UILabel+Extension.swift */; };
		D0B7A4C2275031920016589B /* UIImage+Extension.swift in Sources */ = {isa = PBXBuildFile; fileRef = D0B7A4C1275031920016589B /* UIImage+Extension.swift */; };
		D0BFAB8C276267180061C372 /* DownloadManager.swift in Sources */ = {isa = PBXBuildFile; fileRef = D0BFAB8B276267180061C372 /* DownloadManager.swift */; };
		D0C3B749274D523D00F1C833 /* PlayButton.swift in Sources */ = {isa = PBXBuildFile; fileRef = D0C3B748274D523D00F1C833 /* PlayButton.swift */; };
		D0C650AF27584EE400671370 /* LoginViewModel.swift in Sources */ = {isa = PBXBuildFile; fileRef = D0C650AE27584EE400671370 /* LoginViewModel.swift */; };
		D0C650B1275854D100671370 /* TrackerViewModel.swift in Sources */ = {isa = PBXBuildFile; fileRef = D0C650B0275854D100671370 /* TrackerViewModel.swift */; };
		D0C650B4275855C700671370 /* TrackerDelegate.swift in Sources */ = {isa = PBXBuildFile; fileRef = D0C650B3275855C700671370 /* TrackerDelegate.swift */; };
		D0C650B8275876D500671370 /* PlaylistDetailViewModel.swift in Sources */ = {isa = PBXBuildFile; fileRef = D0C650B7275876D500671370 /* PlaylistDetailViewModel.swift */; };
		D0C650BA275877DE00671370 /* PlaylistDetailDelegate.swift in Sources */ = {isa = PBXBuildFile; fileRef = D0C650B9275877DE00671370 /* PlaylistDetailDelegate.swift */; };
		D0C81BFF275C7699001A3393 /* ActionMenuButton.swift in Sources */ = {isa = PBXBuildFile; fileRef = D0C81BFE275C7699001A3393 /* ActionMenuButton.swift */; };
		D0C81C01275C7B3B001A3393 /* MenuCreator.swift in Sources */ = {isa = PBXBuildFile; fileRef = D0C81C00275C7B3B001A3393 /* MenuCreator.swift */; };
		D0C81C03275C8589001A3393 /* MenuAudioPlayerDelegate.swift in Sources */ = {isa = PBXBuildFile; fileRef = D0C81C02275C8589001A3393 /* MenuAudioPlayerDelegate.swift */; };
		D0C90B0C27331324000FDC9F /* TrackerTableViewController.swift in Sources */ = {isa = PBXBuildFile; fileRef = D0C90B0B27331324000FDC9F /* TrackerTableViewController.swift */; };
		D0CAB26C275FE0A9003BE15A /* Enums.swift in Sources */ = {isa = PBXBuildFile; fileRef = D0CAB26B275FE0A9003BE15A /* Enums.swift */; };
		D0CF7F302756894A00C61498 /* PlaylistTrackViewCell.swift in Sources */ = {isa = PBXBuildFile; fileRef = D0CF7F2F2756894A00C61498 /* PlaylistTrackViewCell.swift */; };
		D0D53DC2273567DC000F1BB7 /* AudioPlayerViewController.swift in Sources */ = {isa = PBXBuildFile; fileRef = D0D53DC1273567DC000F1BB7 /* AudioPlayerViewController.swift */; };
		D0DB2A342763B4AC00C18644 /* UITextField+Extension.swift in Sources */ = {isa = PBXBuildFile; fileRef = D0DB2A332763B4AC00C18644 /* UITextField+Extension.swift */; };
		D0F2274F27517E7600BAC8B0 /* TracksPlayer.swift in Sources */ = {isa = PBXBuildFile; fileRef = D0F2274E27517E7600BAC8B0 /* TracksPlayer.swift */; };
		D0F2E98B27429C7D006966D0 /* ImageManager.swift in Sources */ = {isa = PBXBuildFile; fileRef = D0F2E98A27429C7D006966D0 /* ImageManager.swift */; };
		D0F2E98D2742B17F006966D0 /* Resources.swift in Sources */ = {isa = PBXBuildFile; fileRef = D0F2E98C2742B17F006966D0 /* Resources.swift */; };
		D0F2E98F2742C436006966D0 /* PlayingState.swift in Sources */ = {isa = PBXBuildFile; fileRef = D0F2E98E2742C436006966D0 /* PlayingState.swift */; };
		D0F2E9912742C497006966D0 /* PausedState.swift in Sources */ = {isa = PBXBuildFile; fileRef = D0F2E9902742C497006966D0 /* PausedState.swift */; };
		D0F2E9932742C4AB006966D0 /* AudioState.swift in Sources */ = {isa = PBXBuildFile; fileRef = D0F2E9922742C4AB006966D0 /* AudioState.swift */; };
		D0F2E9952742EE30006966D0 /* Errors.swift in Sources */ = {isa = PBXBuildFile; fileRef = D0F2E9942742EE30006966D0 /* Errors.swift */; };
		D0F407512746D1DB00FD8CA0 /* DataManager.swift in Sources */ = {isa = PBXBuildFile; fileRef = D0F407502746D1DB00FD8CA0 /* DataManager.swift */; };
		D0F407532746DD9900FD8CA0 /* ApiManager.swift in Sources */ = {isa = PBXBuildFile; fileRef = D0F407522746DD9900FD8CA0 /* ApiManager.swift */; };
		D0FD400F27676EA4004B67DE /* RegisterDelegate.swift in Sources */ = {isa = PBXBuildFile; fileRef = D0FD400E27676EA4004B67DE /* RegisterDelegate.swift */; };
		D0FD40522767AC48004B67DE /* RestServiceManager.swift in Sources */ = {isa = PBXBuildFile; fileRef = D0FD40512767AC48004B67DE /* RestServiceManager.swift */; };
		D0FDBD8D27270B4900E3982B /* AppDelegate.swift in Sources */ = {isa = PBXBuildFile; fileRef = D0FDBD8C27270B4900E3982B /* AppDelegate.swift */; };
		D0FDBD8F27270B4900E3982B /* SceneDelegate.swift in Sources */ = {isa = PBXBuildFile; fileRef = D0FDBD8E27270B4900E3982B /* SceneDelegate.swift */; };
		D0FDBD9127270B4900E3982B /* LoginViewController.swift in Sources */ = {isa = PBXBuildFile; fileRef = D0FDBD9027270B4900E3982B /* LoginViewController.swift */; };
		D0FDBD9427270B4900E3982B /* Main.storyboard in Resources */ = {isa = PBXBuildFile; fileRef = D0FDBD9227270B4900E3982B /* Main.storyboard */; };
		D0FDBD9627270B4B00E3982B /* Assets.xcassets in Resources */ = {isa = PBXBuildFile; fileRef = D0FDBD9527270B4B00E3982B /* Assets.xcassets */; };
		D0FDBD9927270B4B00E3982B /* LaunchScreen.storyboard in Resources */ = {isa = PBXBuildFile; fileRef = D0FDBD9727270B4B00E3982B /* LaunchScreen.storyboard */; };
		D0FDBDA427270B4C00E3982B /* MiProjectoModularTests.swift in Sources */ = {isa = PBXBuildFile; fileRef = D0FDBDA327270B4C00E3982B /* MiProjectoModularTests.swift */; };
		D0FDBDAE27270B4C00E3982B /* MiProjectoModularUITests.swift in Sources */ = {isa = PBXBuildFile; fileRef = D0FDBDAD27270B4C00E3982B /* MiProjectoModularUITests.swift */; };
		D0FDBDB027270B4C00E3982B /* MiProjectoModularUITestsLaunchTests.swift in Sources */ = {isa = PBXBuildFile; fileRef = D0FDBDAF27270B4C00E3982B /* MiProjectoModularUITestsLaunchTests.swift */; };
		D0FE0BEA273ECDA900CB481A /* AudioPlayerViewModel.swift in Sources */ = {isa = PBXBuildFile; fileRef = D0FE0BE9273ECDA900CB481A /* AudioPlayerViewModel.swift */; };
		D0FE0BEC273ED02000CB481A /* bensound-ukulele.mp3 in Resources */ = {isa = PBXBuildFile; fileRef = D0FE0BEB273ED02000CB481A /* bensound-ukulele.mp3 */; };
/* End PBXBuildFile section */

/* Begin PBXContainerItemProxy section */
		D0FDBDA027270B4C00E3982B /* PBXContainerItemProxy */ = {
			isa = PBXContainerItemProxy;
			containerPortal = D0FDBD8127270B4900E3982B /* Project object */;
			proxyType = 1;
			remoteGlobalIDString = D0FDBD8827270B4900E3982B;
			remoteInfo = MiProjectoModular;
		};
		D0FDBDAA27270B4C00E3982B /* PBXContainerItemProxy */ = {
			isa = PBXContainerItemProxy;
			containerPortal = D0FDBD8127270B4900E3982B /* Project object */;
			proxyType = 1;
			remoteGlobalIDString = D0FDBD8827270B4900E3982B;
			remoteInfo = MiProjectoModular;
		};
/* End PBXContainerItemProxy section */

/* Begin PBXFileReference section */
		314D0BD739583A723E7FE7DB /* Pods-MiProjectoModular.release.xcconfig */ = {isa = PBXFileReference; includeInIndex = 1; lastKnownFileType = text.xcconfig; name = "Pods-MiProjectoModular.release.xcconfig"; path = "Target Support Files/Pods-MiProjectoModular/Pods-MiProjectoModular.release.xcconfig"; sourceTree = "<group>"; };
		722B95FA83589C5550306616 /* Pods-MiProjectoModularTests.release.xcconfig */ = {isa = PBXFileReference; includeInIndex = 1; lastKnownFileType = text.xcconfig; name = "Pods-MiProjectoModularTests.release.xcconfig"; path = "Target Support Files/Pods-MiProjectoModularTests/Pods-MiProjectoModularTests.release.xcconfig"; sourceTree = "<group>"; };
		84CCD30438AD0708693715EA /* Pods-MiProjectoModular.debug.xcconfig */ = {isa = PBXFileReference; includeInIndex = 1; lastKnownFileType = text.xcconfig; name = "Pods-MiProjectoModular.debug.xcconfig"; path = "Target Support Files/Pods-MiProjectoModular/Pods-MiProjectoModular.debug.xcconfig"; sourceTree = "<group>"; };
		AEA58EA26A48C5323114D816 /* Pods-MiProjectoModular-MiProjectoModularUITests.release.xcconfig */ = {isa = PBXFileReference; includeInIndex = 1; lastKnownFileType = text.xcconfig; name = "Pods-MiProjectoModular-MiProjectoModularUITests.release.xcconfig"; path = "Target Support Files/Pods-MiProjectoModular-MiProjectoModularUITests/Pods-MiProjectoModular-MiProjectoModularUITests.release.xcconfig"; sourceTree = "<group>"; };
		C57BB349F5DE961021467154 /* Pods_MiProjectoModular.framework */ = {isa = PBXFileReference; explicitFileType = wrapper.framework; includeInIndex = 0; path = Pods_MiProjectoModular.framework; sourceTree = BUILT_PRODUCTS_DIR; };
		D0027B36274804F200971E82 /* Network.framework */ = {isa = PBXFileReference; lastKnownFileType = wrapper.framework; name = Network.framework; path = System/Library/Frameworks/Network.framework; sourceTree = SDKROOT; };
		D0027B382748301C00971E82 /* AudioDelegate.swift */ = {isa = PBXFileReference; lastKnownFileType = sourcecode.swift; path = AudioDelegate.swift; sourceTree = "<group>"; };
		D0039CAF2755182600F764A8 /* PlayListDetailViewController.swift */ = {isa = PBXFileReference; lastKnownFileType = sourcecode.swift; path = PlayListDetailViewController.swift; sourceTree = "<group>"; };
		D00CDD67273D78E000C24A8C /* MiProjectoModular-Bridging-Header.h */ = {isa = PBXFileReference; lastKnownFileType = sourcecode.c.h; path = "MiProjectoModular-Bridging-Header.h"; sourceTree = "<group>"; };
		D00CDD68273D78E100C24A8C /* UIImage+animatedGIF.h */ = {isa = PBXFileReference; fileEncoding = 4; lastKnownFileType = sourcecode.c.h; path = "UIImage+animatedGIF.h"; sourceTree = "<group>"; };
		D00CDD69273D78E100C24A8C /* UIImage+animatedGIF.m */ = {isa = PBXFileReference; fileEncoding = 4; lastKnownFileType = sourcecode.c.objc; path = "UIImage+animatedGIF.m"; sourceTree = "<group>"; };
		D00CDD6B273D7B2000C24A8C /* stegosaurus-studio.gif */ = {isa = PBXFileReference; lastKnownFileType = image.gif; path = "stegosaurus-studio.gif"; sourceTree = "<group>"; };
		D00CDD6D273DB68300C24A8C /* ConstraintsSetter.swift */ = {isa = PBXFileReference; lastKnownFileType = sourcecode.swift; path = ConstraintsSetter.swift; sourceTree = "<group>"; };
		D010F14E2729AF5E00D2AB03 /* RegisterViewController.swift */ = {isa = PBXFileReference; lastKnownFileType = sourcecode.swift; path = RegisterViewController.swift; sourceTree = "<group>"; };
		D0193C4627398B61005A4B80 /* TabViewController.swift */ = {isa = PBXFileReference; lastKnownFileType = sourcecode.swift; path = TabViewController.swift; sourceTree = "<group>"; };
		D0891AF9272B3A790085F8D5 /* StringValidator.swift */ = {isa = PBXFileReference; lastKnownFileType = sourcecode.swift; path = StringValidator.swift; sourceTree = "<group>"; };
		D0891AFB272B3C2E0085F8D5 /* RegisterViewModel.swift */ = {isa = PBXFileReference; lastKnownFileType = sourcecode.swift; path = RegisterViewModel.swift; sourceTree = "<group>"; };
		D095128327669368005A5261 /* UIViewError.swift */ = {isa = PBXFileReference; lastKnownFileType = sourcecode.swift; path = UIViewError.swift; sourceTree = "<group>"; };
		D0951285276698BD005A5261 /* LoginDelegate.swift */ = {isa = PBXFileReference; lastKnownFileType = sourcecode.swift; path = LoginDelegate.swift; sourceTree = "<group>"; };
		D0976D03275E6F9400E59D3A /* Extensions.swift */ = {isa = PBXFileReference; lastKnownFileType = sourcecode.swift; path = Extensions.swift; sourceTree = "<group>"; };
		D0976D06275E8E5700E59D3A /* MenuTrackerDelegate.swift */ = {isa = PBXFileReference; lastKnownFileType = sourcecode.swift; path = MenuTrackerDelegate.swift; sourceTree = "<group>"; };
		D0A35CCD272C213200F88788 /* WelcomeViewController.swift */ = {isa = PBXFileReference; lastKnownFileType = sourcecode.swift; path = WelcomeViewController.swift; sourceTree = "<group>"; };
		D0A35CCF272C31C200F88788 /* Models.swift */ = {isa = PBXFileReference; lastKnownFileType = sourcecode.swift; path = Models.swift; sourceTree = "<group>"; };
		D0A7D84C273443BD00980BFF /* ButtonOnCellDelegate.swift */ = {isa = PBXFileReference; lastKnownFileType = sourcecode.swift; path = ButtonOnCellDelegate.swift; sourceTree = "<group>"; };
		D0A7D84E2734446D00980BFF /* TrackTableViewCell.swift */ = {isa = PBXFileReference; lastKnownFileType = sourcecode.swift; path = TrackTableViewCell.swift; sourceTree = "<group>"; };
		D0B7A4BD274FF0800016589B /* UIButton+Extension.swift */ = {isa = PBXFileReference; lastKnownFileType = sourcecode.swift; path = "UIButton+Extension.swift"; sourceTree = "<group>"; };
		D0B7A4BF274FF09A0016589B /* UILabel+Extension.swift */ = {isa = PBXFileReference; lastKnownFileType = sourcecode.swift; path = "UILabel+Extension.swift"; sourceTree = "<group>"; };
		D0B7A4C1275031920016589B /* UIImage+Extension.swift */ = {isa = PBXFileReference; lastKnownFileType = sourcecode.swift; path = "UIImage+Extension.swift"; sourceTree = "<group>"; };
		D0BFAB8B276267180061C372 /* DownloadManager.swift */ = {isa = PBXFileReference; lastKnownFileType = sourcecode.swift; path = DownloadManager.swift; sourceTree = "<group>"; };
		D0C3B748274D523D00F1C833 /* PlayButton.swift */ = {isa = PBXFileReference; lastKnownFileType = sourcecode.swift; path = PlayButton.swift; sourceTree = "<group>"; };
		D0C650AE27584EE400671370 /* LoginViewModel.swift */ = {isa = PBXFileReference; lastKnownFileType = sourcecode.swift; path = LoginViewModel.swift; sourceTree = "<group>"; };
		D0C650B0275854D100671370 /* TrackerViewModel.swift */ = {isa = PBXFileReference; lastKnownFileType = sourcecode.swift; path = TrackerViewModel.swift; sourceTree = "<group>"; };
		D0C650B3275855C700671370 /* TrackerDelegate.swift */ = {isa = PBXFileReference; lastKnownFileType = sourcecode.swift; path = TrackerDelegate.swift; sourceTree = "<group>"; };
		D0C650B7275876D500671370 /* PlaylistDetailViewModel.swift */ = {isa = PBXFileReference; lastKnownFileType = sourcecode.swift; path = PlaylistDetailViewModel.swift; sourceTree = "<group>"; };
		D0C650B9275877DE00671370 /* PlaylistDetailDelegate.swift */ = {isa = PBXFileReference; lastKnownFileType = sourcecode.swift; path = PlaylistDetailDelegate.swift; sourceTree = "<group>"; };
		D0C81BFE275C7699001A3393 /* ActionMenuButton.swift */ = {isa = PBXFileReference; lastKnownFileType = sourcecode.swift; path = ActionMenuButton.swift; sourceTree = "<group>"; };
		D0C81C00275C7B3B001A3393 /* MenuCreator.swift */ = {isa = PBXFileReference; lastKnownFileType = sourcecode.swift; path = MenuCreator.swift; sourceTree = "<group>"; };
		D0C81C02275C8589001A3393 /* MenuAudioPlayerDelegate.swift */ = {isa = PBXFileReference; lastKnownFileType = sourcecode.swift; path = MenuAudioPlayerDelegate.swift; sourceTree = "<group>"; };
		D0C90B0B27331324000FDC9F /* TrackerTableViewController.swift */ = {isa = PBXFileReference; lastKnownFileType = sourcecode.swift; path = TrackerTableViewController.swift; sourceTree = "<group>"; };
		D0CAB26B275FE0A9003BE15A /* Enums.swift */ = {isa = PBXFileReference; lastKnownFileType = sourcecode.swift; path = Enums.swift; sourceTree = "<group>"; };
		D0CF7F2F2756894A00C61498 /* PlaylistTrackViewCell.swift */ = {isa = PBXFileReference; lastKnownFileType = sourcecode.swift; path = PlaylistTrackViewCell.swift; sourceTree = "<group>"; };
		D0D53DC1273567DC000F1BB7 /* AudioPlayerViewController.swift */ = {isa = PBXFileReference; lastKnownFileType = sourcecode.swift; path = AudioPlayerViewController.swift; sourceTree = "<group>"; };
		D0DB2A332763B4AC00C18644 /* UITextField+Extension.swift */ = {isa = PBXFileReference; lastKnownFileType = sourcecode.swift; path = "UITextField+Extension.swift"; sourceTree = "<group>"; };
		D0F2274E27517E7600BAC8B0 /* TracksPlayer.swift */ = {isa = PBXFileReference; lastKnownFileType = sourcecode.swift; path = TracksPlayer.swift; sourceTree = "<group>"; };
		D0F2E98A27429C7D006966D0 /* ImageManager.swift */ = {isa = PBXFileReference; lastKnownFileType = sourcecode.swift; path = ImageManager.swift; sourceTree = "<group>"; };
		D0F2E98C2742B17F006966D0 /* Resources.swift */ = {isa = PBXFileReference; lastKnownFileType = sourcecode.swift; path = Resources.swift; sourceTree = "<group>"; };
		D0F2E98E2742C436006966D0 /* PlayingState.swift */ = {isa = PBXFileReference; lastKnownFileType = sourcecode.swift; path = PlayingState.swift; sourceTree = "<group>"; };
		D0F2E9902742C497006966D0 /* PausedState.swift */ = {isa = PBXFileReference; lastKnownFileType = sourcecode.swift; path = PausedState.swift; sourceTree = "<group>"; };
		D0F2E9922742C4AB006966D0 /* AudioState.swift */ = {isa = PBXFileReference; lastKnownFileType = sourcecode.swift; path = AudioState.swift; sourceTree = "<group>"; };
		D0F2E9942742EE30006966D0 /* Errors.swift */ = {isa = PBXFileReference; lastKnownFileType = sourcecode.swift; path = Errors.swift; sourceTree = "<group>"; };
		D0F407502746D1DB00FD8CA0 /* DataManager.swift */ = {isa = PBXFileReference; lastKnownFileType = sourcecode.swift; path = DataManager.swift; sourceTree = "<group>"; };
		D0F407522746DD9900FD8CA0 /* ApiManager.swift */ = {isa = PBXFileReference; lastKnownFileType = sourcecode.swift; path = ApiManager.swift; sourceTree = "<group>"; };
		D0FD400E27676EA4004B67DE /* RegisterDelegate.swift */ = {isa = PBXFileReference; lastKnownFileType = sourcecode.swift; path = RegisterDelegate.swift; sourceTree = "<group>"; };
		D0FD40512767AC48004B67DE /* RestServiceManager.swift */ = {isa = PBXFileReference; lastKnownFileType = sourcecode.swift; path = RestServiceManager.swift; sourceTree = "<group>"; };
		D0FDBD8927270B4900E3982B /* MiProjectoModular.app */ = {isa = PBXFileReference; explicitFileType = wrapper.application; includeInIndex = 0; path = MiProjectoModular.app; sourceTree = BUILT_PRODUCTS_DIR; };
		D0FDBD8C27270B4900E3982B /* AppDelegate.swift */ = {isa = PBXFileReference; lastKnownFileType = sourcecode.swift; path = AppDelegate.swift; sourceTree = "<group>"; };
		D0FDBD8E27270B4900E3982B /* SceneDelegate.swift */ = {isa = PBXFileReference; lastKnownFileType = sourcecode.swift; path = SceneDelegate.swift; sourceTree = "<group>"; };
		D0FDBD9027270B4900E3982B /* LoginViewController.swift */ = {isa = PBXFileReference; lastKnownFileType = sourcecode.swift; path = LoginViewController.swift; sourceTree = "<group>"; };
		D0FDBD9327270B4900E3982B /* Base */ = {isa = PBXFileReference; lastKnownFileType = file.storyboard; name = Base; path = Base.lproj/Main.storyboard; sourceTree = "<group>"; };
		D0FDBD9527270B4B00E3982B /* Assets.xcassets */ = {isa = PBXFileReference; lastKnownFileType = folder.assetcatalog; path = Assets.xcassets; sourceTree = "<group>"; };
		D0FDBD9827270B4B00E3982B /* Base */ = {isa = PBXFileReference; lastKnownFileType = file.storyboard; name = Base; path = Base.lproj/LaunchScreen.storyboard; sourceTree = "<group>"; };
		D0FDBD9A27270B4B00E3982B /* Info.plist */ = {isa = PBXFileReference; lastKnownFileType = text.plist.xml; path = Info.plist; sourceTree = "<group>"; };
		D0FDBD9F27270B4C00E3982B /* MiProjectoModularTests.xctest */ = {isa = PBXFileReference; explicitFileType = wrapper.cfbundle; includeInIndex = 0; path = MiProjectoModularTests.xctest; sourceTree = BUILT_PRODUCTS_DIR; };
		D0FDBDA327270B4C00E3982B /* MiProjectoModularTests.swift */ = {isa = PBXFileReference; lastKnownFileType = sourcecode.swift; path = MiProjectoModularTests.swift; sourceTree = "<group>"; };
		D0FDBDA927270B4C00E3982B /* MiProjectoModularUITests.xctest */ = {isa = PBXFileReference; explicitFileType = wrapper.cfbundle; includeInIndex = 0; path = MiProjectoModularUITests.xctest; sourceTree = BUILT_PRODUCTS_DIR; };
		D0FDBDAD27270B4C00E3982B /* MiProjectoModularUITests.swift */ = {isa = PBXFileReference; lastKnownFileType = sourcecode.swift; path = MiProjectoModularUITests.swift; sourceTree = "<group>"; };
		D0FDBDAF27270B4C00E3982B /* MiProjectoModularUITestsLaunchTests.swift */ = {isa = PBXFileReference; lastKnownFileType = sourcecode.swift; path = MiProjectoModularUITestsLaunchTests.swift; sourceTree = "<group>"; };
		D0FE0BE9273ECDA900CB481A /* AudioPlayerViewModel.swift */ = {isa = PBXFileReference; lastKnownFileType = sourcecode.swift; path = AudioPlayerViewModel.swift; sourceTree = "<group>"; };
		D0FE0BEB273ED02000CB481A /* bensound-ukulele.mp3 */ = {isa = PBXFileReference; lastKnownFileType = audio.mp3; path = "bensound-ukulele.mp3"; sourceTree = "<group>"; };
		D35DCE1EF7550EA8818B30BE /* Pods-MiProjectoModularTests.debug.xcconfig */ = {isa = PBXFileReference; includeInIndex = 1; lastKnownFileType = text.xcconfig; name = "Pods-MiProjectoModularTests.debug.xcconfig"; path = "Target Support Files/Pods-MiProjectoModularTests/Pods-MiProjectoModularTests.debug.xcconfig"; sourceTree = "<group>"; };
		DB2DEA42953A4EDF66E6A959 /* Pods_MiProjectoModularTests.framework */ = {isa = PBXFileReference; explicitFileType = wrapper.framework; includeInIndex = 0; path = Pods_MiProjectoModularTests.framework; sourceTree = BUILT_PRODUCTS_DIR; };
		F1E79829CAEC82F0D8E0619C /* Pods_MiProjectoModular_MiProjectoModularUITests.framework */ = {isa = PBXFileReference; explicitFileType = wrapper.framework; includeInIndex = 0; path = Pods_MiProjectoModular_MiProjectoModularUITests.framework; sourceTree = BUILT_PRODUCTS_DIR; };
		FC587C4359A2CCE282D8AAE4 /* Pods-MiProjectoModular-MiProjectoModularUITests.debug.xcconfig */ = {isa = PBXFileReference; includeInIndex = 1; lastKnownFileType = text.xcconfig; name = "Pods-MiProjectoModular-MiProjectoModularUITests.debug.xcconfig"; path = "Target Support Files/Pods-MiProjectoModular-MiProjectoModularUITests/Pods-MiProjectoModular-MiProjectoModularUITests.debug.xcconfig"; sourceTree = "<group>"; };
/* End PBXFileReference section */

/* Begin PBXFrameworksBuildPhase section */
		D0FDBD8627270B4900E3982B /* Frameworks */ = {
			isa = PBXFrameworksBuildPhase;
			buildActionMask = 2147483647;
			files = (
				808586FBF6E5D187ABC5C417 /* Pods_MiProjectoModular.framework in Frameworks */,
				D0027B37274804F200971E82 /* Network.framework in Frameworks */,
			);
			runOnlyForDeploymentPostprocessing = 0;
		};
		D0FDBD9C27270B4C00E3982B /* Frameworks */ = {
			isa = PBXFrameworksBuildPhase;
			buildActionMask = 2147483647;
			files = (
				B8FACA85942C6E196FD15C84 /* Pods_MiProjectoModularTests.framework in Frameworks */,
			);
			runOnlyForDeploymentPostprocessing = 0;
		};
		D0FDBDA627270B4C00E3982B /* Frameworks */ = {
			isa = PBXFrameworksBuildPhase;
			buildActionMask = 2147483647;
			files = (
				B54AFD5B0FD55087383DFC63 /* Pods_MiProjectoModular_MiProjectoModularUITests.framework in Frameworks */,
			);
			runOnlyForDeploymentPostprocessing = 0;
		};
/* End PBXFrameworksBuildPhase section */

/* Begin PBXGroup section */
		6D945172183924FF9B567B6A /* Pods */ = {
			isa = PBXGroup;
			children = (
				84CCD30438AD0708693715EA /* Pods-MiProjectoModular.debug.xcconfig */,
				314D0BD739583A723E7FE7DB /* Pods-MiProjectoModular.release.xcconfig */,
				FC587C4359A2CCE282D8AAE4 /* Pods-MiProjectoModular-MiProjectoModularUITests.debug.xcconfig */,
				AEA58EA26A48C5323114D816 /* Pods-MiProjectoModular-MiProjectoModularUITests.release.xcconfig */,
				D35DCE1EF7550EA8818B30BE /* Pods-MiProjectoModularTests.debug.xcconfig */,
				722B95FA83589C5550306616 /* Pods-MiProjectoModularTests.release.xcconfig */,
			);
			path = Pods;
			sourceTree = "<group>";
		};
		A0514FB24A1F53396DC2FFD6 /* Frameworks */ = {
			isa = PBXGroup;
			children = (
				D0027B36274804F200971E82 /* Network.framework */,
				C57BB349F5DE961021467154 /* Pods_MiProjectoModular.framework */,
				F1E79829CAEC82F0D8E0619C /* Pods_MiProjectoModular_MiProjectoModularUITests.framework */,
				DB2DEA42953A4EDF66E6A959 /* Pods_MiProjectoModularTests.framework */,
			);
			name = Frameworks;
			sourceTree = "<group>";
		};
		D0C650A32758470200671370 /* ViewModels */ = {
			isa = PBXGroup;
			children = (
				D0C650B2275855AD00671370 /* Delegates */,
				D0C650AE27584EE400671370 /* LoginViewModel.swift */,
				D0891AFB272B3C2E0085F8D5 /* RegisterViewModel.swift */,
				D0C650B0275854D100671370 /* TrackerViewModel.swift */,
				D0FE0BE9273ECDA900CB481A /* AudioPlayerViewModel.swift */,
				D0C650B7275876D500671370 /* PlaylistDetailViewModel.swift */,
			);
			path = ViewModels;
			sourceTree = "<group>";
		};
		D0C650A42758471A00671370 /* Views */ = {
			isa = PBXGroup;
			children = (
				D0C650A72758481A00671370 /* ViewControllers */,
				D0CF7F2F2756894A00C61498 /* PlaylistTrackViewCell.swift */,
				D0A7D84E2734446D00980BFF /* TrackTableViewCell.swift */,
			);
			path = Views;
			sourceTree = "<group>";
		};
		D0C650A52758474A00671370 /* Common */ = {
			isa = PBXGroup;
			children = (
				D0FDBD8C27270B4900E3982B /* AppDelegate.swift */,
				D0FDBD8E27270B4900E3982B /* SceneDelegate.swift */,
				D0FDBD9727270B4B00E3982B /* LaunchScreen.storyboard */,
				D0976D03275E6F9400E59D3A /* Extensions.swift */,
			);
			path = Common;
			sourceTree = "<group>";
		};
		D0C650A62758475600671370 /* Resources */ = {
			isa = PBXGroup;
			children = (
				D0C650AA27584C3F00671370 /* Constants */,
				D0FE0BEB273ED02000CB481A /* bensound-ukulele.mp3 */,
				D00CDD6B273D7B2000C24A8C /* stegosaurus-studio.gif */,
			);
			path = Resources;
			sourceTree = "<group>";
		};
		D0C650A72758481A00671370 /* ViewControllers */ = {
			isa = PBXGroup;
			children = (
				D0FDBD9027270B4900E3982B /* LoginViewController.swift */,
				D010F14E2729AF5E00D2AB03 /* RegisterViewController.swift */,
				D0A35CCD272C213200F88788 /* WelcomeViewController.swift */,
				D0C90B0B27331324000FDC9F /* TrackerTableViewController.swift */,
				D0D53DC1273567DC000F1BB7 /* AudioPlayerViewController.swift */,
				D0193C4627398B61005A4B80 /* TabViewController.swift */,
				D0039CAF2755182600F764A8 /* PlayListDetailViewController.swift */,
			);
			path = ViewControllers;
			sourceTree = "<group>";
		};
		D0C650A82758486300671370 /* Models */ = {
			isa = PBXGroup;
			children = (
				D0A35CCF272C31C200F88788 /* Models.swift */,
			);
			path = Models;
			sourceTree = "<group>";
		};
		D0C650AA27584C3F00671370 /* Constants */ = {
			isa = PBXGroup;
			children = (
				D0F2E98C2742B17F006966D0 /* Resources.swift */,
				D0CAB26B275FE0A9003BE15A /* Enums.swift */,
			);
			path = Constants;
			sourceTree = "<group>";
		};
		D0C650AB27584C6200671370 /* Services */ = {
			isa = PBXGroup;
			children = (
				D0F407522746DD9900FD8CA0 /* ApiManager.swift */,
				D0BFAB8B276267180061C372 /* DownloadManager.swift */,
				D0FD40512767AC48004B67DE /* RestServiceManager.swift */,
			);
			path = Services;
			sourceTree = "<group>";
		};
		D0C650AD27584D4A00671370 /* UiUtils */ = {
			isa = PBXGroup;
			children = (
				D0C3B748274D523D00F1C833 /* PlayButton.swift */,
				D0B7A4BF274FF09A0016589B /* UILabel+Extension.swift */,
				D0B7A4C1275031920016589B /* UIImage+Extension.swift */,
				D0B7A4BD274FF0800016589B /* UIButton+Extension.swift */,
				D0DB2A332763B4AC00C18644 /* UITextField+Extension.swift */,
				D095128327669368005A5261 /* UIViewError.swift */,
			);
			path = UiUtils;
			sourceTree = "<group>";
		};
		D0C650B2275855AD00671370 /* Delegates */ = {
			isa = PBXGroup;
			children = (
				D0027B382748301C00971E82 /* AudioDelegate.swift */,
				D0C650B3275855C700671370 /* TrackerDelegate.swift */,
				D0C650B9275877DE00671370 /* PlaylistDetailDelegate.swift */,
				D0C81C02275C8589001A3393 /* MenuAudioPlayerDelegate.swift */,
				D0976D06275E8E5700E59D3A /* MenuTrackerDelegate.swift */,
				D0951285276698BD005A5261 /* LoginDelegate.swift */,
				D0FD400E27676EA4004B67DE /* RegisterDelegate.swift */,
			);
			path = Delegates;
			sourceTree = "<group>";
		};
		D0F407542746DDC200FD8CA0 /* Utlis */ = {
			isa = PBXGroup;
			children = (
				D0C650AD27584D4A00671370 /* UiUtils */,
				D0F407502746D1DB00FD8CA0 /* DataManager.swift */,
				D0891AF9272B3A790085F8D5 /* StringValidator.swift */,
				D00CDD6D273DB68300C24A8C /* ConstraintsSetter.swift */,
				D0A7D84C273443BD00980BFF /* ButtonOnCellDelegate.swift */,
				D0F2E98A27429C7D006966D0 /* ImageManager.swift */,
				D0F2E98E2742C436006966D0 /* PlayingState.swift */,
				D0F2E9902742C497006966D0 /* PausedState.swift */,
				D0F2E9922742C4AB006966D0 /* AudioState.swift */,
				D0F2E9942742EE30006966D0 /* Errors.swift */,
				D0F2274E27517E7600BAC8B0 /* TracksPlayer.swift */,
				D0C81BFE275C7699001A3393 /* ActionMenuButton.swift */,
				D0C81C00275C7B3B001A3393 /* MenuCreator.swift */,
			);
			path = Utlis;
			sourceTree = "<group>";
		};
		D0FDBD8027270B4900E3982B = {
			isa = PBXGroup;
			children = (
				D0FDBD8B27270B4900E3982B /* MiProjectoModular */,
				D0FDBDA227270B4C00E3982B /* MiProjectoModularTests */,
				D0FDBDAC27270B4C00E3982B /* MiProjectoModularUITests */,
				D0FDBD8A27270B4900E3982B /* Products */,
				6D945172183924FF9B567B6A /* Pods */,
				A0514FB24A1F53396DC2FFD6 /* Frameworks */,
			);
			sourceTree = "<group>";
		};
		D0FDBD8A27270B4900E3982B /* Products */ = {
			isa = PBXGroup;
			children = (
				D0FDBD8927270B4900E3982B /* MiProjectoModular.app */,
				D0FDBD9F27270B4C00E3982B /* MiProjectoModularTests.xctest */,
				D0FDBDA927270B4C00E3982B /* MiProjectoModularUITests.xctest */,
			);
			name = Products;
			sourceTree = "<group>";
		};
		D0FDBD8B27270B4900E3982B /* MiProjectoModular */ = {
			isa = PBXGroup;
			children = (
				D0C650AB27584C6200671370 /* Services */,
				D0C650A82758486300671370 /* Models */,
				D0C650A62758475600671370 /* Resources */,
				D0C650A52758474A00671370 /* Common */,
				D0C650A42758471A00671370 /* Views */,
				D0C650A32758470200671370 /* ViewModels */,
				D0F407542746DDC200FD8CA0 /* Utlis */,
				D0FDBD9227270B4900E3982B /* Main.storyboard */,
				D00CDD68273D78E100C24A8C /* UIImage+animatedGIF.h */,
				D00CDD69273D78E100C24A8C /* UIImage+animatedGIF.m */,
				D00CDD67273D78E000C24A8C /* MiProjectoModular-Bridging-Header.h */,
				D0FDBD9527270B4B00E3982B /* Assets.xcassets */,
				D0FDBD9A27270B4B00E3982B /* Info.plist */,
			);
			path = MiProjectoModular;
			sourceTree = "<group>";
		};
		D0FDBDA227270B4C00E3982B /* MiProjectoModularTests */ = {
			isa = PBXGroup;
			children = (
				D0FDBDA327270B4C00E3982B /* MiProjectoModularTests.swift */,
			);
			path = MiProjectoModularTests;
			sourceTree = "<group>";
		};
		D0FDBDAC27270B4C00E3982B /* MiProjectoModularUITests */ = {
			isa = PBXGroup;
			children = (
				D0FDBDAD27270B4C00E3982B /* MiProjectoModularUITests.swift */,
				D0FDBDAF27270B4C00E3982B /* MiProjectoModularUITestsLaunchTests.swift */,
			);
			path = MiProjectoModularUITests;
			sourceTree = "<group>";
		};
/* End PBXGroup section */

/* Begin PBXNativeTarget section */
		D0FDBD8827270B4900E3982B /* MiProjectoModular */ = {
			isa = PBXNativeTarget;
			buildConfigurationList = D0FDBDB327270B4C00E3982B /* Build configuration list for PBXNativeTarget "MiProjectoModular" */;
			buildPhases = (
				702CF44244E6934A9844B6CB /* [CP] Check Pods Manifest.lock */,
				D0FDBD8527270B4900E3982B /* Sources */,
				D0FDBD8627270B4900E3982B /* Frameworks */,
				D0FDBD8727270B4900E3982B /* Resources */,
				BB728A1BE4DAB1941A3B30E5 /* [CP] Embed Pods Frameworks */,
			);
			buildRules = (
			);
			dependencies = (
			);
			name = MiProjectoModular;
			productName = MiProjectoModular;
			productReference = D0FDBD8927270B4900E3982B /* MiProjectoModular.app */;
			productType = "com.apple.product-type.application";
		};
		D0FDBD9E27270B4C00E3982B /* MiProjectoModularTests */ = {
			isa = PBXNativeTarget;
			buildConfigurationList = D0FDBDB627270B4C00E3982B /* Build configuration list for PBXNativeTarget "MiProjectoModularTests" */;
			buildPhases = (
				B26B2CA513A6867EF9061AF5 /* [CP] Check Pods Manifest.lock */,
				D0FDBD9B27270B4C00E3982B /* Sources */,
				D0FDBD9C27270B4C00E3982B /* Frameworks */,
				D0FDBD9D27270B4C00E3982B /* Resources */,
			);
			buildRules = (
			);
			dependencies = (
				D0FDBDA127270B4C00E3982B /* PBXTargetDependency */,
			);
			name = MiProjectoModularTests;
			productName = MiProjectoModularTests;
			productReference = D0FDBD9F27270B4C00E3982B /* MiProjectoModularTests.xctest */;
			productType = "com.apple.product-type.bundle.unit-test";
		};
		D0FDBDA827270B4C00E3982B /* MiProjectoModularUITests */ = {
			isa = PBXNativeTarget;
			buildConfigurationList = D0FDBDB927270B4C00E3982B /* Build configuration list for PBXNativeTarget "MiProjectoModularUITests" */;
			buildPhases = (
				A9F8FB0AAFCA5BE57BB4AABA /* [CP] Check Pods Manifest.lock */,
				D0FDBDA527270B4C00E3982B /* Sources */,
				D0FDBDA627270B4C00E3982B /* Frameworks */,
				D0FDBDA727270B4C00E3982B /* Resources */,
				A8C65A06CB98E0C6459CA709 /* [CP] Embed Pods Frameworks */,
			);
			buildRules = (
			);
			dependencies = (
				D0FDBDAB27270B4C00E3982B /* PBXTargetDependency */,
			);
			name = MiProjectoModularUITests;
			productName = MiProjectoModularUITests;
			productReference = D0FDBDA927270B4C00E3982B /* MiProjectoModularUITests.xctest */;
			productType = "com.apple.product-type.bundle.ui-testing";
		};
/* End PBXNativeTarget section */

/* Begin PBXProject section */
		D0FDBD8127270B4900E3982B /* Project object */ = {
			isa = PBXProject;
			attributes = {
				BuildIndependentTargetsInParallel = 1;
				LastSwiftUpdateCheck = 1300;
				LastUpgradeCheck = 1300;
				TargetAttributes = {
					D0FDBD8827270B4900E3982B = {
						CreatedOnToolsVersion = 13.0;
						LastSwiftMigration = 1300;
					};
					D0FDBD9E27270B4C00E3982B = {
						CreatedOnToolsVersion = 13.0;
						TestTargetID = D0FDBD8827270B4900E3982B;
					};
					D0FDBDA827270B4C00E3982B = {
						CreatedOnToolsVersion = 13.0;
						TestTargetID = D0FDBD8827270B4900E3982B;
					};
				};
			};
			buildConfigurationList = D0FDBD8427270B4900E3982B /* Build configuration list for PBXProject "MiProjectoModular" */;
			compatibilityVersion = "Xcode 13.0";
			developmentRegion = en;
			hasScannedForEncodings = 0;
			knownRegions = (
				en,
				Base,
			);
			mainGroup = D0FDBD8027270B4900E3982B;
			productRefGroup = D0FDBD8A27270B4900E3982B /* Products */;
			projectDirPath = "";
			projectRoot = "";
			targets = (
				D0FDBD8827270B4900E3982B /* MiProjectoModular */,
				D0FDBD9E27270B4C00E3982B /* MiProjectoModularTests */,
				D0FDBDA827270B4C00E3982B /* MiProjectoModularUITests */,
			);
		};
/* End PBXProject section */

/* Begin PBXResourcesBuildPhase section */
		D0FDBD8727270B4900E3982B /* Resources */ = {
			isa = PBXResourcesBuildPhase;
			buildActionMask = 2147483647;
			files = (
				D00CDD6C273D7B2000C24A8C /* stegosaurus-studio.gif in Resources */,
				D0FDBD9927270B4B00E3982B /* LaunchScreen.storyboard in Resources */,
				D0FE0BEC273ED02000CB481A /* bensound-ukulele.mp3 in Resources */,
				D0FDBD9627270B4B00E3982B /* Assets.xcassets in Resources */,
				D0FDBD9427270B4900E3982B /* Main.storyboard in Resources */,
			);
			runOnlyForDeploymentPostprocessing = 0;
		};
		D0FDBD9D27270B4C00E3982B /* Resources */ = {
			isa = PBXResourcesBuildPhase;
			buildActionMask = 2147483647;
			files = (
			);
			runOnlyForDeploymentPostprocessing = 0;
		};
		D0FDBDA727270B4C00E3982B /* Resources */ = {
			isa = PBXResourcesBuildPhase;
			buildActionMask = 2147483647;
			files = (
			);
			runOnlyForDeploymentPostprocessing = 0;
		};
/* End PBXResourcesBuildPhase section */

/* Begin PBXShellScriptBuildPhase section */
		702CF44244E6934A9844B6CB /* [CP] Check Pods Manifest.lock */ = {
			isa = PBXShellScriptBuildPhase;
			buildActionMask = 2147483647;
			files = (
			);
			inputFileListPaths = (
			);
			inputPaths = (
				"${PODS_PODFILE_DIR_PATH}/Podfile.lock",
				"${PODS_ROOT}/Manifest.lock",
			);
			name = "[CP] Check Pods Manifest.lock";
			outputFileListPaths = (
			);
			outputPaths = (
				"$(DERIVED_FILE_DIR)/Pods-MiProjectoModular-checkManifestLockResult.txt",
			);
			runOnlyForDeploymentPostprocessing = 0;
			shellPath = /bin/sh;
			shellScript = "diff \"${PODS_PODFILE_DIR_PATH}/Podfile.lock\" \"${PODS_ROOT}/Manifest.lock\" > /dev/null\nif [ $? != 0 ] ; then\n    # print error to STDERR\n    echo \"error: The sandbox is not in sync with the Podfile.lock. Run 'pod install' or update your CocoaPods installation.\" >&2\n    exit 1\nfi\n# This output is used by Xcode 'outputs' to avoid re-running this script phase.\necho \"SUCCESS\" > \"${SCRIPT_OUTPUT_FILE_0}\"\n";
			showEnvVarsInLog = 0;
		};
		A8C65A06CB98E0C6459CA709 /* [CP] Embed Pods Frameworks */ = {
			isa = PBXShellScriptBuildPhase;
			buildActionMask = 2147483647;
			files = (
			);
			inputFileListPaths = (
				"${PODS_ROOT}/Target Support Files/Pods-MiProjectoModular-MiProjectoModularUITests/Pods-MiProjectoModular-MiProjectoModularUITests-frameworks-${CONFIGURATION}-input-files.xcfilelist",
			);
			name = "[CP] Embed Pods Frameworks";
			outputFileListPaths = (
				"${PODS_ROOT}/Target Support Files/Pods-MiProjectoModular-MiProjectoModularUITests/Pods-MiProjectoModular-MiProjectoModularUITests-frameworks-${CONFIGURATION}-output-files.xcfilelist",
			);
			runOnlyForDeploymentPostprocessing = 0;
			shellPath = /bin/sh;
			shellScript = "\"${PODS_ROOT}/Target Support Files/Pods-MiProjectoModular-MiProjectoModularUITests/Pods-MiProjectoModular-MiProjectoModularUITests-frameworks.sh\"\n";
			showEnvVarsInLog = 0;
		};
		A9F8FB0AAFCA5BE57BB4AABA /* [CP] Check Pods Manifest.lock */ = {
			isa = PBXShellScriptBuildPhase;
			buildActionMask = 2147483647;
			files = (
			);
			inputFileListPaths = (
			);
			inputPaths = (
				"${PODS_PODFILE_DIR_PATH}/Podfile.lock",
				"${PODS_ROOT}/Manifest.lock",
			);
			name = "[CP] Check Pods Manifest.lock";
			outputFileListPaths = (
			);
			outputPaths = (
				"$(DERIVED_FILE_DIR)/Pods-MiProjectoModular-MiProjectoModularUITests-checkManifestLockResult.txt",
			);
			runOnlyForDeploymentPostprocessing = 0;
			shellPath = /bin/sh;
			shellScript = "diff \"${PODS_PODFILE_DIR_PATH}/Podfile.lock\" \"${PODS_ROOT}/Manifest.lock\" > /dev/null\nif [ $? != 0 ] ; then\n    # print error to STDERR\n    echo \"error: The sandbox is not in sync with the Podfile.lock. Run 'pod install' or update your CocoaPods installation.\" >&2\n    exit 1\nfi\n# This output is used by Xcode 'outputs' to avoid re-running this script phase.\necho \"SUCCESS\" > \"${SCRIPT_OUTPUT_FILE_0}\"\n";
			showEnvVarsInLog = 0;
		};
		B26B2CA513A6867EF9061AF5 /* [CP] Check Pods Manifest.lock */ = {
			isa = PBXShellScriptBuildPhase;
			buildActionMask = 2147483647;
			files = (
			);
			inputFileListPaths = (
			);
			inputPaths = (
				"${PODS_PODFILE_DIR_PATH}/Podfile.lock",
				"${PODS_ROOT}/Manifest.lock",
			);
			name = "[CP] Check Pods Manifest.lock";
			outputFileListPaths = (
			);
			outputPaths = (
				"$(DERIVED_FILE_DIR)/Pods-MiProjectoModularTests-checkManifestLockResult.txt",
			);
			runOnlyForDeploymentPostprocessing = 0;
			shellPath = /bin/sh;
			shellScript = "diff \"${PODS_PODFILE_DIR_PATH}/Podfile.lock\" \"${PODS_ROOT}/Manifest.lock\" > /dev/null\nif [ $? != 0 ] ; then\n    # print error to STDERR\n    echo \"error: The sandbox is not in sync with the Podfile.lock. Run 'pod install' or update your CocoaPods installation.\" >&2\n    exit 1\nfi\n# This output is used by Xcode 'outputs' to avoid re-running this script phase.\necho \"SUCCESS\" > \"${SCRIPT_OUTPUT_FILE_0}\"\n";
			showEnvVarsInLog = 0;
		};
		BB728A1BE4DAB1941A3B30E5 /* [CP] Embed Pods Frameworks */ = {
			isa = PBXShellScriptBuildPhase;
			buildActionMask = 2147483647;
			files = (
			);
			inputFileListPaths = (
				"${PODS_ROOT}/Target Support Files/Pods-MiProjectoModular/Pods-MiProjectoModular-frameworks-${CONFIGURATION}-input-files.xcfilelist",
			);
			name = "[CP] Embed Pods Frameworks";
			outputFileListPaths = (
				"${PODS_ROOT}/Target Support Files/Pods-MiProjectoModular/Pods-MiProjectoModular-frameworks-${CONFIGURATION}-output-files.xcfilelist",
			);
			runOnlyForDeploymentPostprocessing = 0;
			shellPath = /bin/sh;
			shellScript = "\"${PODS_ROOT}/Target Support Files/Pods-MiProjectoModular/Pods-MiProjectoModular-frameworks.sh\"\n";
			showEnvVarsInLog = 0;
		};
/* End PBXShellScriptBuildPhase section */

/* Begin PBXSourcesBuildPhase section */
		D0FDBD8527270B4900E3982B /* Sources */ = {
			isa = PBXSourcesBuildPhase;
			buildActionMask = 2147483647;
			files = (
				D0DB2A342763B4AC00C18644 /* UITextField+Extension.swift in Sources */,
				D0976D07275E8E5700E59D3A /* MenuTrackerDelegate.swift in Sources */,
				D0F2E9932742C4AB006966D0 /* AudioState.swift in Sources */,
				D0F407512746D1DB00FD8CA0 /* DataManager.swift in Sources */,
				D0C3B749274D523D00F1C833 /* PlayButton.swift in Sources */,
				D0C90B0C27331324000FDC9F /* TrackerTableViewController.swift in Sources */,
				D0C650BA275877DE00671370 /* PlaylistDetailDelegate.swift in Sources */,
				D0027B392748301C00971E82 /* AudioDelegate.swift in Sources */,
				D0C650B8275876D500671370 /* PlaylistDetailViewModel.swift in Sources */,
				D0039CB02755182600F764A8 /* PlayListDetailViewController.swift in Sources */,
				D0C650B4275855C700671370 /* TrackerDelegate.swift in Sources */,
				D00CDD6E273DB68300C24A8C /* ConstraintsSetter.swift in Sources */,
				D0B7A4C0274FF09A0016589B /* UILabel+Extension.swift in Sources */,
				D0CF7F302756894A00C61498 /* PlaylistTrackViewCell.swift in Sources */,
				D0C650B1275854D100671370 /* TrackerViewModel.swift in Sources */,
				D0C650AF27584EE400671370 /* LoginViewModel.swift in Sources */,
				D0F2E98B27429C7D006966D0 /* ImageManager.swift in Sources */,
				D0FD400F27676EA4004B67DE /* RegisterDelegate.swift in Sources */,
				D0C81C03275C8589001A3393 /* MenuAudioPlayerDelegate.swift in Sources */,
				D0F2E98D2742B17F006966D0 /* Resources.swift in Sources */,
				D0A35CCE272C213200F88788 /* WelcomeViewController.swift in Sources */,
				D0F2E9912742C497006966D0 /* PausedState.swift in Sources */,
				D0A7D84D273443BD00980BFF /* ButtonOnCellDelegate.swift in Sources */,
				D0891AFA272B3A790085F8D5 /* StringValidator.swift in Sources */,
				D0CAB26C275FE0A9003BE15A /* Enums.swift in Sources */,
				D0951286276698BD005A5261 /* LoginDelegate.swift in Sources */,
				D0BFAB8C276267180061C372 /* DownloadManager.swift in Sources */,
				D0B7A4BE274FF0800016589B /* UIButton+Extension.swift in Sources */,
				D0FDBD9127270B4900E3982B /* LoginViewController.swift in Sources */,
				D0F407532746DD9900FD8CA0 /* ApiManager.swift in Sources */,
				D0976D04275E6F9400E59D3A /* Extensions.swift in Sources */,
				D095128427669368005A5261 /* UIViewError.swift in Sources */,
				D0FDBD8D27270B4900E3982B /* AppDelegate.swift in Sources */,
				D0A7D84F2734446D00980BFF /* TrackTableViewCell.swift in Sources */,
				D0891AFC272B3C2E0085F8D5 /* RegisterViewModel.swift in Sources */,
				D0C81BFF275C7699001A3393 /* ActionMenuButton.swift in Sources */,
				D0FE0BEA273ECDA900CB481A /* AudioPlayerViewModel.swift in Sources */,
				D0A35CD0272C31C200F88788 /* Models.swift in Sources */,
				D0D53DC2273567DC000F1BB7 /* AudioPlayerViewController.swift in Sources */,
				D0C81C01275C7B3B001A3393 /* MenuCreator.swift in Sources */,
				D0F2274F27517E7600BAC8B0 /* TracksPlayer.swift in Sources */,
				D0FD40522767AC48004B67DE /* RestServiceManager.swift in Sources */,
				D0FDBD8F27270B4900E3982B /* SceneDelegate.swift in Sources */,
				D0F2E9952742EE30006966D0 /* Errors.swift in Sources */,
				D0193C4727398B61005A4B80 /* TabViewController.swift in Sources */,
				D00CDD6A273D78E100C24A8C /* UIImage+animatedGIF.m in Sources */,
				D0B7A4C2275031920016589B /* UIImage+Extension.swift in Sources */,
				D0F2E98F2742C436006966D0 /* PlayingState.swift in Sources */,
				D010F14F2729AF5E00D2AB03 /* RegisterViewController.swift in Sources */,
			);
			runOnlyForDeploymentPostprocessing = 0;
		};
		D0FDBD9B27270B4C00E3982B /* Sources */ = {
			isa = PBXSourcesBuildPhase;
			buildActionMask = 2147483647;
			files = (
				D0FDBDA427270B4C00E3982B /* MiProjectoModularTests.swift in Sources */,
			);
			runOnlyForDeploymentPostprocessing = 0;
		};
		D0FDBDA527270B4C00E3982B /* Sources */ = {
			isa = PBXSourcesBuildPhase;
			buildActionMask = 2147483647;
			files = (
				D0FDBDAE27270B4C00E3982B /* MiProjectoModularUITests.swift in Sources */,
				D0FDBDB027270B4C00E3982B /* MiProjectoModularUITestsLaunchTests.swift in Sources */,
			);
			runOnlyForDeploymentPostprocessing = 0;
		};
/* End PBXSourcesBuildPhase section */

/* Begin PBXTargetDependency section */
		D0FDBDA127270B4C00E3982B /* PBXTargetDependency */ = {
			isa = PBXTargetDependency;
			target = D0FDBD8827270B4900E3982B /* MiProjectoModular */;
			targetProxy = D0FDBDA027270B4C00E3982B /* PBXContainerItemProxy */;
		};
		D0FDBDAB27270B4C00E3982B /* PBXTargetDependency */ = {
			isa = PBXTargetDependency;
			target = D0FDBD8827270B4900E3982B /* MiProjectoModular */;
			targetProxy = D0FDBDAA27270B4C00E3982B /* PBXContainerItemProxy */;
		};
/* End PBXTargetDependency section */

/* Begin PBXVariantGroup section */
		D0FDBD9227270B4900E3982B /* Main.storyboard */ = {
			isa = PBXVariantGroup;
			children = (
				D0FDBD9327270B4900E3982B /* Base */,
			);
			name = Main.storyboard;
			sourceTree = "<group>";
		};
		D0FDBD9727270B4B00E3982B /* LaunchScreen.storyboard */ = {
			isa = PBXVariantGroup;
			children = (
				D0FDBD9827270B4B00E3982B /* Base */,
			);
			name = LaunchScreen.storyboard;
			sourceTree = "<group>";
		};
/* End PBXVariantGroup section */

/* Begin XCBuildConfiguration section */
		D0FDBDB127270B4C00E3982B /* Debug */ = {
			isa = XCBuildConfiguration;
			buildSettings = {
				ALWAYS_SEARCH_USER_PATHS = NO;
				CLANG_ANALYZER_NONNULL = YES;
				CLANG_ANALYZER_NUMBER_OBJECT_CONVERSION = YES_AGGRESSIVE;
				CLANG_CXX_LANGUAGE_STANDARD = "gnu++17";
				CLANG_CXX_LIBRARY = "libc++";
				CLANG_ENABLE_MODULES = YES;
				CLANG_ENABLE_OBJC_ARC = YES;
				CLANG_ENABLE_OBJC_WEAK = YES;
				CLANG_WARN_BLOCK_CAPTURE_AUTORELEASING = YES;
				CLANG_WARN_BOOL_CONVERSION = YES;
				CLANG_WARN_COMMA = YES;
				CLANG_WARN_CONSTANT_CONVERSION = YES;
				CLANG_WARN_DEPRECATED_OBJC_IMPLEMENTATIONS = YES;
				CLANG_WARN_DIRECT_OBJC_ISA_USAGE = YES_ERROR;
				CLANG_WARN_DOCUMENTATION_COMMENTS = YES;
				CLANG_WARN_EMPTY_BODY = YES;
				CLANG_WARN_ENUM_CONVERSION = YES;
				CLANG_WARN_INFINITE_RECURSION = YES;
				CLANG_WARN_INT_CONVERSION = YES;
				CLANG_WARN_NON_LITERAL_NULL_CONVERSION = YES;
				CLANG_WARN_OBJC_IMPLICIT_RETAIN_SELF = YES;
				CLANG_WARN_OBJC_LITERAL_CONVERSION = YES;
				CLANG_WARN_OBJC_ROOT_CLASS = YES_ERROR;
				CLANG_WARN_QUOTED_INCLUDE_IN_FRAMEWORK_HEADER = YES;
				CLANG_WARN_RANGE_LOOP_ANALYSIS = YES;
				CLANG_WARN_STRICT_PROTOTYPES = YES;
				CLANG_WARN_SUSPICIOUS_MOVE = YES;
				CLANG_WARN_UNGUARDED_AVAILABILITY = YES_AGGRESSIVE;
				CLANG_WARN_UNREACHABLE_CODE = YES;
				CLANG_WARN__DUPLICATE_METHOD_MATCH = YES;
				COPY_PHASE_STRIP = NO;
				DEBUG_INFORMATION_FORMAT = dwarf;
				ENABLE_STRICT_OBJC_MSGSEND = YES;
				ENABLE_TESTABILITY = YES;
				GCC_C_LANGUAGE_STANDARD = gnu11;
				GCC_DYNAMIC_NO_PIC = NO;
				GCC_NO_COMMON_BLOCKS = YES;
				GCC_OPTIMIZATION_LEVEL = 0;
				GCC_PREPROCESSOR_DEFINITIONS = (
					"DEBUG=1",
					"$(inherited)",
				);
				GCC_WARN_64_TO_32_BIT_CONVERSION = YES;
				GCC_WARN_ABOUT_RETURN_TYPE = YES_ERROR;
				GCC_WARN_UNDECLARED_SELECTOR = YES;
				GCC_WARN_UNINITIALIZED_AUTOS = YES_AGGRESSIVE;
				GCC_WARN_UNUSED_FUNCTION = YES;
				GCC_WARN_UNUSED_VARIABLE = YES;
				IPHONEOS_DEPLOYMENT_TARGET = 15.0;
				MTL_ENABLE_DEBUG_INFO = INCLUDE_SOURCE;
				MTL_FAST_MATH = YES;
				ONLY_ACTIVE_ARCH = YES;
				SDKROOT = iphoneos;
				SWIFT_ACTIVE_COMPILATION_CONDITIONS = DEBUG;
				SWIFT_OPTIMIZATION_LEVEL = "-Onone";
			};
			name = Debug;
		};
		D0FDBDB227270B4C00E3982B /* Release */ = {
			isa = XCBuildConfiguration;
			buildSettings = {
				ALWAYS_SEARCH_USER_PATHS = NO;
				CLANG_ANALYZER_NONNULL = YES;
				CLANG_ANALYZER_NUMBER_OBJECT_CONVERSION = YES_AGGRESSIVE;
				CLANG_CXX_LANGUAGE_STANDARD = "gnu++17";
				CLANG_CXX_LIBRARY = "libc++";
				CLANG_ENABLE_MODULES = YES;
				CLANG_ENABLE_OBJC_ARC = YES;
				CLANG_ENABLE_OBJC_WEAK = YES;
				CLANG_WARN_BLOCK_CAPTURE_AUTORELEASING = YES;
				CLANG_WARN_BOOL_CONVERSION = YES;
				CLANG_WARN_COMMA = YES;
				CLANG_WARN_CONSTANT_CONVERSION = YES;
				CLANG_WARN_DEPRECATED_OBJC_IMPLEMENTATIONS = YES;
				CLANG_WARN_DIRECT_OBJC_ISA_USAGE = YES_ERROR;
				CLANG_WARN_DOCUMENTATION_COMMENTS = YES;
				CLANG_WARN_EMPTY_BODY = YES;
				CLANG_WARN_ENUM_CONVERSION = YES;
				CLANG_WARN_INFINITE_RECURSION = YES;
				CLANG_WARN_INT_CONVERSION = YES;
				CLANG_WARN_NON_LITERAL_NULL_CONVERSION = YES;
				CLANG_WARN_OBJC_IMPLICIT_RETAIN_SELF = YES;
				CLANG_WARN_OBJC_LITERAL_CONVERSION = YES;
				CLANG_WARN_OBJC_ROOT_CLASS = YES_ERROR;
				CLANG_WARN_QUOTED_INCLUDE_IN_FRAMEWORK_HEADER = YES;
				CLANG_WARN_RANGE_LOOP_ANALYSIS = YES;
				CLANG_WARN_STRICT_PROTOTYPES = YES;
				CLANG_WARN_SUSPICIOUS_MOVE = YES;
				CLANG_WARN_UNGUARDED_AVAILABILITY = YES_AGGRESSIVE;
				CLANG_WARN_UNREACHABLE_CODE = YES;
				CLANG_WARN__DUPLICATE_METHOD_MATCH = YES;
				COPY_PHASE_STRIP = NO;
				DEBUG_INFORMATION_FORMAT = "dwarf-with-dsym";
				ENABLE_NS_ASSERTIONS = NO;
				ENABLE_STRICT_OBJC_MSGSEND = YES;
				GCC_C_LANGUAGE_STANDARD = gnu11;
				GCC_NO_COMMON_BLOCKS = YES;
				GCC_WARN_64_TO_32_BIT_CONVERSION = YES;
				GCC_WARN_ABOUT_RETURN_TYPE = YES_ERROR;
				GCC_WARN_UNDECLARED_SELECTOR = YES;
				GCC_WARN_UNINITIALIZED_AUTOS = YES_AGGRESSIVE;
				GCC_WARN_UNUSED_FUNCTION = YES;
				GCC_WARN_UNUSED_VARIABLE = YES;
				IPHONEOS_DEPLOYMENT_TARGET = 15.0;
				MTL_ENABLE_DEBUG_INFO = NO;
				MTL_FAST_MATH = YES;
				SDKROOT = iphoneos;
				SWIFT_COMPILATION_MODE = wholemodule;
				SWIFT_OPTIMIZATION_LEVEL = "-O";
				VALIDATE_PRODUCT = YES;
			};
			name = Release;
		};
		D0FDBDB427270B4C00E3982B /* Debug */ = {
			isa = XCBuildConfiguration;
			baseConfigurationReference = 84CCD30438AD0708693715EA /* Pods-MiProjectoModular.debug.xcconfig */;
			buildSettings = {
				ASSETCATALOG_COMPILER_APPICON_NAME = AppIcon;
				ASSETCATALOG_COMPILER_GLOBAL_ACCENT_COLOR_NAME = AccentColor;
				CLANG_ENABLE_MODULES = YES;
				CODE_SIGN_STYLE = Automatic;
				CURRENT_PROJECT_VERSION = 1;
				DEVELOPMENT_TEAM = 792U4DLGXC;
				GENERATE_INFOPLIST_FILE = YES;
				INFOPLIST_FILE = MiProjectoModular/Info.plist;
				INFOPLIST_KEY_UIApplicationSupportsIndirectInputEvents = YES;
				INFOPLIST_KEY_UILaunchStoryboardName = LaunchScreen;
				INFOPLIST_KEY_UIMainStoryboardFile = Main;
				INFOPLIST_KEY_UIRequiresFullScreen = YES;
				INFOPLIST_KEY_UISupportedInterfaceOrientations = UIInterfaceOrientationPortrait;
				INFOPLIST_KEY_UISupportedInterfaceOrientations_iPad = "UIInterfaceOrientationPortrait UIInterfaceOrientationPortraitUpsideDown UIInterfaceOrientationLandscapeLeft UIInterfaceOrientationLandscapeRight";
				INFOPLIST_KEY_UISupportedInterfaceOrientations_iPhone = "UIInterfaceOrientationPortrait UIInterfaceOrientationLandscapeLeft UIInterfaceOrientationLandscapeRight";
				LD_RUNPATH_SEARCH_PATHS = (
					"$(inherited)",
					"@executable_path/Frameworks",
				);
				MARKETING_VERSION = 1.0;
				PRODUCT_BUNDLE_IDENTIFIER = com.miOrganizacion.MiProjectoModular;
				PRODUCT_NAME = "$(TARGET_NAME)";
				SWIFT_EMIT_LOC_STRINGS = YES;
				SWIFT_OBJC_BRIDGING_HEADER = "MiProjectoModular/MiProjectoModular-Bridging-Header.h";
				SWIFT_OPTIMIZATION_LEVEL = "-Onone";
				SWIFT_VERSION = 5.0;
				TARGETED_DEVICE_FAMILY = 1;
			};
			name = Debug;
		};
		D0FDBDB527270B4C00E3982B /* Release */ = {
			isa = XCBuildConfiguration;
			baseConfigurationReference = 314D0BD739583A723E7FE7DB /* Pods-MiProjectoModular.release.xcconfig */;
			buildSettings = {
				ASSETCATALOG_COMPILER_APPICON_NAME = AppIcon;
				ASSETCATALOG_COMPILER_GLOBAL_ACCENT_COLOR_NAME = AccentColor;
				CLANG_ENABLE_MODULES = YES;
				CODE_SIGN_STYLE = Automatic;
				CURRENT_PROJECT_VERSION = 1;
				DEVELOPMENT_TEAM = 792U4DLGXC;
				GENERATE_INFOPLIST_FILE = YES;
				INFOPLIST_FILE = MiProjectoModular/Info.plist;
				INFOPLIST_KEY_UIApplicationSupportsIndirectInputEvents = YES;
				INFOPLIST_KEY_UILaunchStoryboardName = LaunchScreen;
				INFOPLIST_KEY_UIMainStoryboardFile = Main;
				INFOPLIST_KEY_UIRequiresFullScreen = YES;
				INFOPLIST_KEY_UISupportedInterfaceOrientations = UIInterfaceOrientationPortrait;
				INFOPLIST_KEY_UISupportedInterfaceOrientations_iPad = "UIInterfaceOrientationPortrait UIInterfaceOrientationPortraitUpsideDown UIInterfaceOrientationLandscapeLeft UIInterfaceOrientationLandscapeRight";
				INFOPLIST_KEY_UISupportedInterfaceOrientations_iPhone = "UIInterfaceOrientationPortrait UIInterfaceOrientationLandscapeLeft UIInterfaceOrientationLandscapeRight";
				LD_RUNPATH_SEARCH_PATHS = (
					"$(inherited)",
					"@executable_path/Frameworks",
				);
				MARKETING_VERSION = 1.0;
				PRODUCT_BUNDLE_IDENTIFIER = com.miOrganizacion.MiProjectoModular;
				PRODUCT_NAME = "$(TARGET_NAME)";
				SWIFT_EMIT_LOC_STRINGS = YES;
				SWIFT_OBJC_BRIDGING_HEADER = "MiProjectoModular/MiProjectoModular-Bridging-Header.h";
				SWIFT_VERSION = 5.0;
				TARGETED_DEVICE_FAMILY = 1;
			};
			name = Release;
		};
		D0FDBDB727270B4C00E3982B /* Debug */ = {
			isa = XCBuildConfiguration;
			baseConfigurationReference = D35DCE1EF7550EA8818B30BE /* Pods-MiProjectoModularTests.debug.xcconfig */;
			buildSettings = {
				ALWAYS_EMBED_SWIFT_STANDARD_LIBRARIES = YES;
				BUNDLE_LOADER = "$(TEST_HOST)";
				CODE_SIGN_STYLE = Automatic;
				CURRENT_PROJECT_VERSION = 1;
				DEVELOPMENT_TEAM = 792U4DLGXC;
				GENERATE_INFOPLIST_FILE = YES;
				IPHONEOS_DEPLOYMENT_TARGET = 15.0;
				LD_RUNPATH_SEARCH_PATHS = (
					"$(inherited)",
					"@executable_path/Frameworks",
					"@loader_path/Frameworks",
				);
				MARKETING_VERSION = 1.0;
				PRODUCT_BUNDLE_IDENTIFIER = com.miOrganizacion.MiProjectoModularTests;
				PRODUCT_NAME = "$(TARGET_NAME)";
				SWIFT_EMIT_LOC_STRINGS = NO;
				SWIFT_VERSION = 5.0;
				TARGETED_DEVICE_FAMILY = "1,2";
				TEST_HOST = "$(BUILT_PRODUCTS_DIR)/MiProjectoModular.app/MiProjectoModular";
			};
			name = Debug;
		};
		D0FDBDB827270B4C00E3982B /* Release */ = {
			isa = XCBuildConfiguration;
			baseConfigurationReference = 722B95FA83589C5550306616 /* Pods-MiProjectoModularTests.release.xcconfig */;
			buildSettings = {
				ALWAYS_EMBED_SWIFT_STANDARD_LIBRARIES = YES;
				BUNDLE_LOADER = "$(TEST_HOST)";
				CODE_SIGN_STYLE = Automatic;
				CURRENT_PROJECT_VERSION = 1;
				DEVELOPMENT_TEAM = 792U4DLGXC;
				GENERATE_INFOPLIST_FILE = YES;
				IPHONEOS_DEPLOYMENT_TARGET = 15.0;
				LD_RUNPATH_SEARCH_PATHS = (
					"$(inherited)",
					"@executable_path/Frameworks",
					"@loader_path/Frameworks",
				);
				MARKETING_VERSION = 1.0;
				PRODUCT_BUNDLE_IDENTIFIER = com.miOrganizacion.MiProjectoModularTests;
				PRODUCT_NAME = "$(TARGET_NAME)";
				SWIFT_EMIT_LOC_STRINGS = NO;
				SWIFT_VERSION = 5.0;
				TARGETED_DEVICE_FAMILY = "1,2";
				TEST_HOST = "$(BUILT_PRODUCTS_DIR)/MiProjectoModular.app/MiProjectoModular";
			};
			name = Release;
		};
		D0FDBDBA27270B4C00E3982B /* Debug */ = {
			isa = XCBuildConfiguration;
			baseConfigurationReference = FC587C4359A2CCE282D8AAE4 /* Pods-MiProjectoModular-MiProjectoModularUITests.debug.xcconfig */;
			buildSettings = {
				ALWAYS_EMBED_SWIFT_STANDARD_LIBRARIES = YES;
				CODE_SIGN_STYLE = Automatic;
				CURRENT_PROJECT_VERSION = 1;
				DEVELOPMENT_TEAM = 792U4DLGXC;
				GENERATE_INFOPLIST_FILE = YES;
				LD_RUNPATH_SEARCH_PATHS = (
					"$(inherited)",
					"@executable_path/Frameworks",
					"@loader_path/Frameworks",
				);
				MARKETING_VERSION = 1.0;
				PRODUCT_BUNDLE_IDENTIFIER = com.miOrganizacion.MiProjectoModularUITests;
				PRODUCT_NAME = "$(TARGET_NAME)";
				SWIFT_EMIT_LOC_STRINGS = NO;
				SWIFT_VERSION = 5.0;
				TARGETED_DEVICE_FAMILY = "1,2";
				TEST_TARGET_NAME = MiProjectoModular;
			};
			name = Debug;
		};
		D0FDBDBB27270B4C00E3982B /* Release */ = {
			isa = XCBuildConfiguration;
			baseConfigurationReference = AEA58EA26A48C5323114D816 /* Pods-MiProjectoModular-MiProjectoModularUITests.release.xcconfig */;
			buildSettings = {
				ALWAYS_EMBED_SWIFT_STANDARD_LIBRARIES = YES;
				CODE_SIGN_STYLE = Automatic;
				CURRENT_PROJECT_VERSION = 1;
				DEVELOPMENT_TEAM = 792U4DLGXC;
				GENERATE_INFOPLIST_FILE = YES;
				LD_RUNPATH_SEARCH_PATHS = (
					"$(inherited)",
					"@executable_path/Frameworks",
					"@loader_path/Frameworks",
				);
				MARKETING_VERSION = 1.0;
				PRODUCT_BUNDLE_IDENTIFIER = com.miOrganizacion.MiProjectoModularUITests;
				PRODUCT_NAME = "$(TARGET_NAME)";
				SWIFT_EMIT_LOC_STRINGS = NO;
				SWIFT_VERSION = 5.0;
				TARGETED_DEVICE_FAMILY = "1,2";
				TEST_TARGET_NAME = MiProjectoModular;
			};
			name = Release;
		};
/* End XCBuildConfiguration section */

/* Begin XCConfigurationList section */
		D0FDBD8427270B4900E3982B /* Build configuration list for PBXProject "MiProjectoModular" */ = {
			isa = XCConfigurationList;
			buildConfigurations = (
				D0FDBDB127270B4C00E3982B /* Debug */,
				D0FDBDB227270B4C00E3982B /* Release */,
			);
			defaultConfigurationIsVisible = 0;
			defaultConfigurationName = Release;
		};
		D0FDBDB327270B4C00E3982B /* Build configuration list for PBXNativeTarget "MiProjectoModular" */ = {
			isa = XCConfigurationList;
			buildConfigurations = (
				D0FDBDB427270B4C00E3982B /* Debug */,
				D0FDBDB527270B4C00E3982B /* Release */,
			);
			defaultConfigurationIsVisible = 0;
			defaultConfigurationName = Release;
		};
		D0FDBDB627270B4C00E3982B /* Build configuration list for PBXNativeTarget "MiProjectoModularTests" */ = {
			isa = XCConfigurationList;
			buildConfigurations = (
				D0FDBDB727270B4C00E3982B /* Debug */,
				D0FDBDB827270B4C00E3982B /* Release */,
			);
			defaultConfigurationIsVisible = 0;
			defaultConfigurationName = Release;
		};
		D0FDBDB927270B4C00E3982B /* Build configuration list for PBXNativeTarget "MiProjectoModularUITests" */ = {
			isa = XCConfigurationList;
			buildConfigurations = (
				D0FDBDBA27270B4C00E3982B /* Debug */,
				D0FDBDBB27270B4C00E3982B /* Release */,
			);
			defaultConfigurationIsVisible = 0;
			defaultConfigurationName = Release;
		};
/* End XCConfigurationList section */
	};
	rootObject = D0FDBD8127270B4900E3982B /* Project object */;
}
